<?xml version="1.0" encoding="utf-8"?>
<Project ToolsVersion="4.0" xmlns="http://schemas.microsoft.com/developer/msbuild/2003">
  <ItemGroup>
    <Filter Include="Source Files">
      <UniqueIdentifier>{f0dcd707-f968-45c7-9637-f24814d8767a}</UniqueIdentifier>
      <Extensions>c</Extensions>
    </Filter>
    <Filter Include="Header Files">
      <UniqueIdentifier>{2a5e45fd-1b9d-459f-a051-c2597953ddb6}</UniqueIdentifier>
      <Extensions>h</Extensions>
    </Filter>
  </ItemGroup>
  <ItemGroup>
    <ClCompile Include="lauxlib.c">
      <Filter>Source Files</Filter>
    </ClCompile>
    <ClCompile Include="lbaselib.c">
      <Filter>Source Files</Filter>
    </ClCompile>
    <ClCompile Include="ldblib.c">
      <Filter>Source Files</Filter>
    </ClCompile>
    <ClCompile Include="liolib.c">
      <Filter>Source Files</Filter>
    </ClCompile>
    <ClCompile Include="lmathlib.c">
      <Filter>Source Files</Filter>
    </ClCompile>
    <ClCompile Include="loadlib.c">
      <Filter>Source Files</Filter>
    </ClCompile>
    <ClCompile Include="lstrlib.c">
      <Filter>Source Files</Filter>
    </ClCompile>
    <ClCompile Include="ltablib.c">
      <Filter>Source Files</Filter>
    </ClCompile>
  </ItemGroup>
</Project>