
Microsoft Visual Studio Solution File, Format Version 12.00
# Visual Studio 14
VisualStudioVersion = 14.0.25123.0
MinimumVisualStudioVersion = 10.0.40219.1
Project("{8BC9CEB8-8B4A-11D0-8D11-00A0C91BC942}") = "OpenITG", "OpenITG-vs2015.vcxproj", "{922728D0-EA2B-4CE3-95A5-C3A578327C85}"
	ProjectSection(ProjectDependencies) = postProject
		{0AFEC580-996F-4037-9497-B6EB98D1DC80} = {0AFEC580-996F-4037-9497-B6EB98D1DC80}
		{E3802982-DCB6-4D85-A2BD-6B08F0657E79} = {E3802982-DCB6-4D85-A2BD-6B08F0657E79}
		{E5EEC9EC-21D8-4271-A70C-9EB1016DE9C4} = {E5EEC9EC-21D8-4271-A70C-9EB1016DE9C4}
		{42109FEE-B0B9-4FCD-9E56-2863BF8C55D2} = {42109FEE-B0B9-4FCD-9E56-2863BF8C55D2}
	EndProjectSection
EndProject
Project("{8BC9CEB8-8B4A-11D0-8D11-00A0C91BC942}") = "libtomcrypt", "libtomcrypt\libtomcrypt_VS2015.vcxproj", "{E3802982-DCB6-4D85-A2BD-6B08F0657E79}"
EndProject
Project("{8BC9CEB8-8B4A-11D0-8D11-00A0C91BC942}") = "libtommath", "libtommath\libtommath_VS2015.vcxproj", "{42109FEE-B0B9-4FCD-9E56-2863BF8C55D2}"
EndProject
Project("{8BC9CEB8-8B4A-11D0-8D11-00A0C91BC942}") = "LibLua", "lua-5.0\src\LibLua.vcxproj", "{0AFEC580-996F-4037-9497-B6EB98D1DC80}"
EndProject
Project("{8BC9CEB8-8B4A-11D0-8D11-00A0C91BC942}") = "LibLuaLib", "lua-5.0\src\lib\LibLuaLib.vcxproj", "{E5EEC9EC-21D8-4271-A70C-9EB1016DE9C4}"
	ProjectSection(ProjectDependencies) = postProject
		{0AFEC580-996F-4037-9497-B6EB98D1DC80} = {0AFEC580-996F-4037-9497-B6EB98D1DC80}
	EndProjectSection
EndProject
Global
	GlobalSection(SolutionConfigurationPlatforms) = preSolution
		Debug|Win32 = Debug|Win32
		Debug|x64 = Debug|x64
		DLL ASM Debug|Win32 = DLL ASM Debug|Win32
		DLL ASM Debug|x64 = DLL ASM Debug|x64
		DLL ASM Release|Win32 = DLL ASM Release|Win32
		DLL ASM Release|x64 = DLL ASM Release|x64
		DLL Debug|Win32 = DLL Debug|Win32
		DLL Debug|x64 = DLL Debug|x64
		DLL Release|Win32 = DLL Release|Win32
		DLL Release|x64 = DLL Release|x64
		DLL VB|Win32 = DLL VB|Win32
		DLL VB|x64 = DLL VB|x64
		FastDebug|Win32 = FastDebug|Win32
		FastDebug|x64 = FastDebug|x64
		LIB ASM Debug|Win32 = LIB ASM Debug|Win32
		LIB ASM Debug|x64 = LIB ASM Debug|x64
		LIB ASM Release|Win32 = LIB ASM Release|Win32
		LIB ASM Release|x64 = LIB ASM Release|x64
		LIB Debug|Win32 = LIB Debug|Win32
		LIB Debug|x64 = LIB Debug|x64
		LIB Release|Win32 = LIB Release|Win32
		LIB Release|x64 = LIB Release|x64
		Release|Win32 = Release|Win32
		Release|x64 = Release|x64
		Release-SSE2|Win32 = Release-SSE2|Win32
		Release-SSE2|x64 = Release-SSE2|x64
	EndGlobalSection
	GlobalSection(ProjectConfigurationPlatforms) = postSolution
		{922728D0-EA2B-4CE3-95A5-C3A578327C85}.Debug|Win32.ActiveCfg = Debug|Win32
		{922728D0-EA2B-4CE3-95A5-C3A578327C85}.Debug|Win32.Build.0 = Debug|Win32
		{922728D0-EA2B-4CE3-95A5-C3A578327C85}.Debug|x64.ActiveCfg = Debug|Win32
		{922728D0-EA2B-4CE3-95A5-C3A578327C85}.DLL ASM Debug|Win32.ActiveCfg = Debug|Win32
		{922728D0-EA2B-4CE3-95A5-C3A578327C85}.DLL ASM Debug|Win32.Build.0 = Debug|Win32
		{922728D0-EA2B-4CE3-95A5-C3A578327C85}.DLL ASM Debug|x64.ActiveCfg = Release-SSE2|Win32
		{922728D0-EA2B-4CE3-95A5-C3A578327C85}.DLL ASM Debug|x64.Build.0 = Release-SSE2|Win32
		{922728D0-EA2B-4CE3-95A5-C3A578327C85}.DLL ASM Release|Win32.ActiveCfg = Release|Win32
		{922728D0-EA2B-4CE3-95A5-C3A578327C85}.DLL ASM Release|Win32.Build.0 = Release|Win32
		{922728D0-EA2B-4CE3-95A5-C3A578327C85}.DLL ASM Release|x64.ActiveCfg = Release-SSE2|Win32
		{922728D0-EA2B-4CE3-95A5-C3A578327C85}.DLL ASM Release|x64.Build.0 = Release-SSE2|Win32
		{922728D0-EA2B-4CE3-95A5-C3A578327C85}.DLL Debug|Win32.ActiveCfg = Debug|Win32
		{922728D0-EA2B-4CE3-95A5-C3A578327C85}.DLL Debug|Win32.Build.0 = Debug|Win32
		{922728D0-EA2B-4CE3-95A5-C3A578327C85}.DLL Debug|x64.ActiveCfg = Release-SSE2|Win32
		{922728D0-EA2B-4CE3-95A5-C3A578327C85}.DLL Debug|x64.Build.0 = Release-SSE2|Win32
		{922728D0-EA2B-4CE3-95A5-C3A578327C85}.DLL Release|Win32.ActiveCfg = Release|Win32
		{922728D0-EA2B-4CE3-95A5-C3A578327C85}.DLL Release|Win32.Build.0 = Release|Win32
		{922728D0-EA2B-4CE3-95A5-C3A578327C85}.DLL Release|x64.ActiveCfg = Release-SSE2|Win32
		{922728D0-EA2B-4CE3-95A5-C3A578327C85}.DLL Release|x64.Build.0 = Release-SSE2|Win32
		{922728D0-EA2B-4CE3-95A5-C3A578327C85}.DLL VB|Win32.ActiveCfg = Debug|Win32
		{922728D0-EA2B-4CE3-95A5-C3A578327C85}.DLL VB|Win32.Build.0 = Debug|Win32
		{922728D0-EA2B-4CE3-95A5-C3A578327C85}.DLL VB|x64.ActiveCfg = Release-SSE2|Win32
		{922728D0-EA2B-4CE3-95A5-C3A578327C85}.DLL VB|x64.Build.0 = Release-SSE2|Win32
		{922728D0-EA2B-4CE3-95A5-C3A578327C85}.FastDebug|Win32.ActiveCfg = FastDebug|Win32
		{922728D0-EA2B-4CE3-95A5-C3A578327C85}.FastDebug|Win32.Build.0 = FastDebug|Win32
		{922728D0-EA2B-4CE3-95A5-C3A578327C85}.FastDebug|x64.ActiveCfg = FastDebug|Win32
		{922728D0-EA2B-4CE3-95A5-C3A578327C85}.LIB ASM Debug|Win32.ActiveCfg = Debug|Win32
		{922728D0-EA2B-4CE3-95A5-C3A578327C85}.LIB ASM Debug|Win32.Build.0 = Debug|Win32
		{922728D0-EA2B-4CE3-95A5-C3A578327C85}.LIB ASM Debug|x64.ActiveCfg = Release-SSE2|Win32
		{922728D0-EA2B-4CE3-95A5-C3A578327C85}.LIB ASM Debug|x64.Build.0 = Release-SSE2|Win32
		{922728D0-EA2B-4CE3-95A5-C3A578327C85}.LIB ASM Release|Win32.ActiveCfg = Release|Win32
		{922728D0-EA2B-4CE3-95A5-C3A578327C85}.LIB ASM Release|Win32.Build.0 = Release|Win32
		{922728D0-EA2B-4CE3-95A5-C3A578327C85}.LIB ASM Release|x64.ActiveCfg = Release-SSE2|Win32
		{922728D0-EA2B-4CE3-95A5-C3A578327C85}.LIB ASM Release|x64.Build.0 = Release-SSE2|Win32
		{922728D0-EA2B-4CE3-95A5-C3A578327C85}.LIB Debug|Win32.ActiveCfg = Debug|Win32
		{922728D0-EA2B-4CE3-95A5-C3A578327C85}.LIB Debug|Win32.Build.0 = Debug|Win32
		{922728D0-EA2B-4CE3-95A5-C3A578327C85}.LIB Debug|x64.ActiveCfg = Release-SSE2|Win32
		{922728D0-EA2B-4CE3-95A5-C3A578327C85}.LIB Debug|x64.Build.0 = Release-SSE2|Win32
		{922728D0-EA2B-4CE3-95A5-C3A578327C85}.LIB Release|Win32.ActiveCfg = Release|Win32
		{922728D0-EA2B-4CE3-95A5-C3A578327C85}.LIB Release|Win32.Build.0 = Release|Win32
		{922728D0-EA2B-4CE3-95A5-C3A578327C85}.LIB Release|x64.ActiveCfg = Release-SSE2|Win32
		{922728D0-EA2B-4CE3-95A5-C3A578327C85}.LIB Release|x64.Build.0 = Release-SSE2|Win32
		{922728D0-EA2B-4CE3-95A5-C3A578327C85}.Release|Win32.ActiveCfg = Release|Win32
		{922728D0-EA2B-4CE3-95A5-C3A578327C85}.Release|Win32.Build.0 = Release|Win32
		{922728D0-EA2B-4CE3-95A5-C3A578327C85}.Release|x64.ActiveCfg = Release|Win32
		{922728D0-EA2B-4CE3-95A5-C3A578327C85}.Release-SSE2|Win32.ActiveCfg = Release-SSE2|Win32
		{922728D0-EA2B-4CE3-95A5-C3A578327C85}.Release-SSE2|Win32.Build.0 = Release-SSE2|Win32
		{922728D0-EA2B-4CE3-95A5-C3A578327C85}.Release-SSE2|x64.ActiveCfg = Release-SSE2|Win32
		{E3802982-DCB6-4D85-A2BD-6B08F0657E79}.Debug|Win32.ActiveCfg = Debug|Win32
		{E3802982-DCB6-4D85-A2BD-6B08F0657E79}.Debug|Win32.Build.0 = Debug|Win32
		{E3802982-DCB6-4D85-A2BD-6B08F0657E79}.Debug|x64.ActiveCfg = Debug|Win32
		{E3802982-DCB6-4D85-A2BD-6B08F0657E79}.DLL ASM Debug|Win32.ActiveCfg = Debug|Win32
		{E3802982-DCB6-4D85-A2BD-6B08F0657E79}.DLL ASM Debug|Win32.Build.0 = Debug|Win32
		{E3802982-DCB6-4D85-A2BD-6B08F0657E79}.DLL ASM Debug|x64.ActiveCfg = Release-SSE2|Win32
		{E3802982-DCB6-4D85-A2BD-6B08F0657E79}.DLL ASM Debug|x64.Build.0 = Release-SSE2|Win32
		{E3802982-DCB6-4D85-A2BD-6B08F0657E79}.DLL ASM Release|Win32.ActiveCfg = Release|Win32
		{E3802982-DCB6-4D85-A2BD-6B08F0657E79}.DLL ASM Release|Win32.Build.0 = Release|Win32
		{E3802982-DCB6-4D85-A2BD-6B08F0657E79}.DLL ASM Release|x64.ActiveCfg = Release-SSE2|Win32
		{E3802982-DCB6-4D85-A2BD-6B08F0657E79}.DLL ASM Release|x64.Build.0 = Release-SSE2|Win32
		{E3802982-DCB6-4D85-A2BD-6B08F0657E79}.DLL Debug|Win32.ActiveCfg = Debug|Win32
		{E3802982-DCB6-4D85-A2BD-6B08F0657E79}.DLL Debug|Win32.Build.0 = Debug|Win32
		{E3802982-DCB6-4D85-A2BD-6B08F0657E79}.DLL Debug|x64.ActiveCfg = Release-SSE2|Win32
		{E3802982-DCB6-4D85-A2BD-6B08F0657E79}.DLL Debug|x64.Build.0 = Release-SSE2|Win32
		{E3802982-DCB6-4D85-A2BD-6B08F0657E79}.DLL Release|Win32.ActiveCfg = Release|Win32
		{E3802982-DCB6-4D85-A2BD-6B08F0657E79}.DLL Release|Win32.Build.0 = Release|Win32
		{E3802982-DCB6-4D85-A2BD-6B08F0657E79}.DLL Release|x64.ActiveCfg = Release-SSE2|Win32
		{E3802982-DCB6-4D85-A2BD-6B08F0657E79}.DLL Release|x64.Build.0 = Release-SSE2|Win32
		{E3802982-DCB6-4D85-A2BD-6B08F0657E79}.DLL VB|Win32.ActiveCfg = Debug|Win32
		{E3802982-DCB6-4D85-A2BD-6B08F0657E79}.DLL VB|Win32.Build.0 = Debug|Win32
		{E3802982-DCB6-4D85-A2BD-6B08F0657E79}.DLL VB|x64.ActiveCfg = Release-SSE2|Win32
		{E3802982-DCB6-4D85-A2BD-6B08F0657E79}.DLL VB|x64.Build.0 = Release-SSE2|Win32
		{E3802982-DCB6-4D85-A2BD-6B08F0657E79}.FastDebug|Win32.ActiveCfg = Debug|Win32
		{E3802982-DCB6-4D85-A2BD-6B08F0657E79}.FastDebug|Win32.Build.0 = Debug|Win32
		{E3802982-DCB6-4D85-A2BD-6B08F0657E79}.FastDebug|x64.ActiveCfg = Release-SSE2|Win32
		{E3802982-DCB6-4D85-A2BD-6B08F0657E79}.FastDebug|x64.Build.0 = Release-SSE2|Win32
		{E3802982-DCB6-4D85-A2BD-6B08F0657E79}.LIB ASM Debug|Win32.ActiveCfg = Debug|Win32
		{E3802982-DCB6-4D85-A2BD-6B08F0657E79}.LIB ASM Debug|Win32.Build.0 = Debug|Win32
		{E3802982-DCB6-4D85-A2BD-6B08F0657E79}.LIB ASM Debug|x64.ActiveCfg = Release-SSE2|Win32
		{E3802982-DCB6-4D85-A2BD-6B08F0657E79}.LIB ASM Debug|x64.Build.0 = Release-SSE2|Win32
		{E3802982-DCB6-4D85-A2BD-6B08F0657E79}.LIB ASM Release|Win32.ActiveCfg = Release|Win32
		{E3802982-DCB6-4D85-A2BD-6B08F0657E79}.LIB ASM Release|Win32.Build.0 = Release|Win32
		{E3802982-DCB6-4D85-A2BD-6B08F0657E79}.LIB ASM Release|x64.ActiveCfg = Release-SSE2|Win32
		{E3802982-DCB6-4D85-A2BD-6B08F0657E79}.LIB ASM Release|x64.Build.0 = Release-SSE2|Win32
		{E3802982-DCB6-4D85-A2BD-6B08F0657E79}.LIB Debug|Win32.ActiveCfg = Debug|Win32
		{E3802982-DCB6-4D85-A2BD-6B08F0657E79}.LIB Debug|Win32.Build.0 = Debug|Win32
		{E3802982-DCB6-4D85-A2BD-6B08F0657E79}.LIB Debug|x64.ActiveCfg = Release-SSE2|Win32
		{E3802982-DCB6-4D85-A2BD-6B08F0657E79}.LIB Debug|x64.Build.0 = Release-SSE2|Win32
		{E3802982-DCB6-4D85-A2BD-6B08F0657E79}.LIB Release|Win32.ActiveCfg = Release|Win32
		{E3802982-DCB6-4D85-A2BD-6B08F0657E79}.LIB Release|Win32.Build.0 = Release|Win32
		{E3802982-DCB6-4D85-A2BD-6B08F0657E79}.LIB Release|x64.ActiveCfg = Release-SSE2|Win32
		{E3802982-DCB6-4D85-A2BD-6B08F0657E79}.LIB Release|x64.Build.0 = Release-SSE2|Win32
		{E3802982-DCB6-4D85-A2BD-6B08F0657E79}.Release|Win32.ActiveCfg = Release|Win32
		{E3802982-DCB6-4D85-A2BD-6B08F0657E79}.Release|Win32.Build.0 = Release|Win32
		{E3802982-DCB6-4D85-A2BD-6B08F0657E79}.Release|x64.ActiveCfg = Release|Win32
		{E3802982-DCB6-4D85-A2BD-6B08F0657E79}.Release-SSE2|Win32.ActiveCfg = Release-SSE2|Win32
		{E3802982-DCB6-4D85-A2BD-6B08F0657E79}.Release-SSE2|Win32.Build.0 = Release-SSE2|Win32
		{E3802982-DCB6-4D85-A2BD-6B08F0657E79}.Release-SSE2|x64.ActiveCfg = Release-SSE2|Win32
		{42109FEE-B0B9-4FCD-9E56-2863BF8C55D2}.Debug|Win32.ActiveCfg = Debug|Win32
		{42109FEE-B0B9-4FCD-9E56-2863BF8C55D2}.Debug|Win32.Build.0 = Debug|Win32
		{42109FEE-B0B9-4FCD-9E56-2863BF8C55D2}.Debug|x64.ActiveCfg = Debug|Win32
		{42109FEE-B0B9-4FCD-9E56-2863BF8C55D2}.DLL ASM Debug|Win32.ActiveCfg = Debug|Win32
		{42109FEE-B0B9-4FCD-9E56-2863BF8C55D2}.DLL ASM Debug|Win32.Build.0 = Debug|Win32
		{42109FEE-B0B9-4FCD-9E56-2863BF8C55D2}.DLL ASM Debug|x64.ActiveCfg = Release-SSE2|Win32
		{42109FEE-B0B9-4FCD-9E56-2863BF8C55D2}.DLL ASM Debug|x64.Build.0 = Release-SSE2|Win32
		{42109FEE-B0B9-4FCD-9E56-2863BF8C55D2}.DLL ASM Release|Win32.ActiveCfg = Release|Win32
		{42109FEE-B0B9-4FCD-9E56-2863BF8C55D2}.DLL ASM Release|Win32.Build.0 = Release|Win32
		{42109FEE-B0B9-4FCD-9E56-2863BF8C55D2}.DLL ASM Release|x64.ActiveCfg = Release-SSE2|Win32
		{42109FEE-B0B9-4FCD-9E56-2863BF8C55D2}.DLL ASM Release|x64.Build.0 = Release-SSE2|Win32
		{42109FEE-B0B9-4FCD-9E56-2863BF8C55D2}.DLL Debug|Win32.ActiveCfg = Debug|Win32
		{42109FEE-B0B9-4FCD-9E56-2863BF8C55D2}.DLL Debug|Win32.Build.0 = Debug|Win32
		{42109FEE-B0B9-4FCD-9E56-2863BF8C55D2}.DLL Debug|x64.ActiveCfg = Release-SSE2|Win32
		{42109FEE-B0B9-4FCD-9E56-2863BF8C55D2}.DLL Debug|x64.Build.0 = Release-SSE2|Win32
		{42109FEE-B0B9-4FCD-9E56-2863BF8C55D2}.DLL Release|Win32.ActiveCfg = Release|Win32
		{42109FEE-B0B9-4FCD-9E56-2863BF8C55D2}.DLL Release|Win32.Build.0 = Release|Win32
		{42109FEE-B0B9-4FCD-9E56-2863BF8C55D2}.DLL Release|x64.ActiveCfg = Release-SSE2|Win32
		{42109FEE-B0B9-4FCD-9E56-2863BF8C55D2}.DLL Release|x64.Build.0 = Release-SSE2|Win32
		{42109FEE-B0B9-4FCD-9E56-2863BF8C55D2}.DLL VB|Win32.ActiveCfg = Debug|Win32
		{42109FEE-B0B9-4FCD-9E56-2863BF8C55D2}.DLL VB|Win32.Build.0 = Debug|Win32
		{42109FEE-B0B9-4FCD-9E56-2863BF8C55D2}.DLL VB|x64.ActiveCfg = Release-SSE2|Win32
		{42109FEE-B0B9-4FCD-9E56-2863BF8C55D2}.DLL VB|x64.Build.0 = Release-SSE2|Win32
		{42109FEE-B0B9-4FCD-9E56-2863BF8C55D2}.FastDebug|Win32.ActiveCfg = Debug|Win32
		{42109FEE-B0B9-4FCD-9E56-2863BF8C55D2}.FastDebug|Win32.Build.0 = Debug|Win32
		{42109FEE-B0B9-4FCD-9E56-2863BF8C55D2}.FastDebug|x64.ActiveCfg = Release-SSE2|Win32
		{42109FEE-B0B9-4FCD-9E56-2863BF8C55D2}.FastDebug|x64.Build.0 = Release-SSE2|Win32
		{42109FEE-B0B9-4FCD-9E56-2863BF8C55D2}.LIB ASM Debug|Win32.ActiveCfg = Debug|Win32
		{42109FEE-B0B9-4FCD-9E56-2863BF8C55D2}.LIB ASM Debug|Win32.Build.0 = Debug|Win32
		{42109FEE-B0B9-4FCD-9E56-2863BF8C55D2}.LIB ASM Debug|x64.ActiveCfg = Release-SSE2|Win32
		{42109FEE-B0B9-4FCD-9E56-2863BF8C55D2}.LIB ASM Debug|x64.Build.0 = Release-SSE2|Win32
		{42109FEE-B0B9-4FCD-9E56-2863BF8C55D2}.LIB ASM Release|Win32.ActiveCfg = Release|Win32
		{42109FEE-B0B9-4FCD-9E56-2863BF8C55D2}.LIB ASM Release|Win32.Build.0 = Release|Win32
		{42109FEE-B0B9-4FCD-9E56-2863BF8C55D2}.LIB ASM Release|x64.ActiveCfg = Release-SSE2|Win32
		{42109FEE-B0B9-4FCD-9E56-2863BF8C55D2}.LIB ASM Release|x64.Build.0 = Release-SSE2|Win32
		{42109FEE-B0B9-4FCD-9E56-2863BF8C55D2}.LIB Debug|Win32.ActiveCfg = Debug|Win32
		{42109FEE-B0B9-4FCD-9E56-2863BF8C55D2}.LIB Debug|Win32.Build.0 = Debug|Win32
		{42109FEE-B0B9-4FCD-9E56-2863BF8C55D2}.LIB Debug|x64.ActiveCfg = Release-SSE2|Win32
		{42109FEE-B0B9-4FCD-9E56-2863BF8C55D2}.LIB Debug|x64.Build.0 = Release-SSE2|Win32
		{42109FEE-B0B9-4FCD-9E56-2863BF8C55D2}.LIB Release|Win32.ActiveCfg = Release|Win32
		{42109FEE-B0B9-4FCD-9E56-2863BF8C55D2}.LIB Release|Win32.Build.0 = Release|Win32
		{42109FEE-B0B9-4FCD-9E56-2863BF8C55D2}.LIB Release|x64.ActiveCfg = Release-SSE2|Win32
		{42109FEE-B0B9-4FCD-9E56-2863BF8C55D2}.LIB Release|x64.Build.0 = Release-SSE2|Win32
		{42109FEE-B0B9-4FCD-9E56-2863BF8C55D2}.Release|Win32.ActiveCfg = Release|Win32
		{42109FEE-B0B9-4FCD-9E56-2863BF8C55D2}.Release|Win32.Build.0 = Release|Win32
		{42109FEE-B0B9-4FCD-9E56-2863BF8C55D2}.Release|x64.ActiveCfg = Release|Win32
		{42109FEE-B0B9-4FCD-9E56-2863BF8C55D2}.Release-SSE2|Win32.ActiveCfg = Release-SSE2|Win32
		{42109FEE-B0B9-4FCD-9E56-2863BF8C55D2}.Release-SSE2|Win32.Build.0 = Release-SSE2|Win32
		{42109FEE-B0B9-4FCD-9E56-2863BF8C55D2}.Release-SSE2|x64.ActiveCfg = Release-SSE2|Win32
		{0AFEC580-996F-4037-9497-B6EB98D1DC80}.Debug|Win32.ActiveCfg = Release|Win32
		{0AFEC580-996F-4037-9497-B6EB98D1DC80}.Debug|Win32.Build.0 = Release|Win32
		{0AFEC580-996F-4037-9497-B6EB98D1DC80}.Debug|x64.ActiveCfg = Release|Win32
		{0AFEC580-996F-4037-9497-B6EB98D1DC80}.Debug|x64.Build.0 = Release|Win32
		{0AFEC580-996F-4037-9497-B6EB98D1DC80}.DLL ASM Debug|Win32.ActiveCfg = Release|Win32
		{0AFEC580-996F-4037-9497-B6EB98D1DC80}.DLL ASM Debug|Win32.Build.0 = Release|Win32
		{0AFEC580-996F-4037-9497-B6EB98D1DC80}.DLL ASM Debug|x64.ActiveCfg = Release|Win32
		{0AFEC580-996F-4037-9497-B6EB98D1DC80}.DLL ASM Debug|x64.Build.0 = Release|Win32
		{0AFEC580-996F-4037-9497-B6EB98D1DC80}.DLL ASM Release|Win32.ActiveCfg = Release|Win32
		{0AFEC580-996F-4037-9497-B6EB98D1DC80}.DLL ASM Release|Win32.Build.0 = Release|Win32
		{0AFEC580-996F-4037-9497-B6EB98D1DC80}.DLL ASM Release|x64.ActiveCfg = Release|Win32
		{0AFEC580-996F-4037-9497-B6EB98D1DC80}.DLL ASM Release|x64.Build.0 = Release|Win32
		{0AFEC580-996F-4037-9497-B6EB98D1DC80}.DLL Debug|Win32.ActiveCfg = Release|Win32
		{0AFEC580-996F-4037-9497-B6EB98D1DC80}.DLL Debug|Win32.Build.0 = Release|Win32
		{0AFEC580-996F-4037-9497-B6EB98D1DC80}.DLL Debug|x64.ActiveCfg = Release|Win32
		{0AFEC580-996F-4037-9497-B6EB98D1DC80}.DLL Debug|x64.Build.0 = Release|Win32
		{0AFEC580-996F-4037-9497-B6EB98D1DC80}.DLL Release|Win32.ActiveCfg = Release|Win32
		{0AFEC580-996F-4037-9497-B6EB98D1DC80}.DLL Release|Win32.Build.0 = Release|Win32
		{0AFEC580-996F-4037-9497-B6EB98D1DC80}.DLL Release|x64.ActiveCfg = Release|Win32
		{0AFEC580-996F-4037-9497-B6EB98D1DC80}.DLL Release|x64.Build.0 = Release|Win32
		{0AFEC580-996F-4037-9497-B6EB98D1DC80}.DLL VB|Win32.ActiveCfg = Release|Win32
		{0AFEC580-996F-4037-9497-B6EB98D1DC80}.DLL VB|Win32.Build.0 = Release|Win32
		{0AFEC580-996F-4037-9497-B6EB98D1DC80}.DLL VB|x64.ActiveCfg = Release|Win32
		{0AFEC580-996F-4037-9497-B6EB98D1DC80}.DLL VB|x64.Build.0 = Release|Win32
		{0AFEC580-996F-4037-9497-B6EB98D1DC80}.FastDebug|Win32.ActiveCfg = Release|Win32
		{0AFEC580-996F-4037-9497-B6EB98D1DC80}.FastDebug|Win32.Build.0 = Release|Win32
		{0AFEC580-996F-4037-9497-B6EB98D1DC80}.FastDebug|x64.ActiveCfg = Release|Win32
		{0AFEC580-996F-4037-9497-B6EB98D1DC80}.FastDebug|x64.Build.0 = Release|Win32
		{0AFEC580-996F-4037-9497-B6EB98D1DC80}.LIB ASM Debug|Win32.ActiveCfg = Release|Win32
		{0AFEC580-996F-4037-9497-B6EB98D1DC80}.LIB ASM Debug|Win32.Build.0 = Release|Win32
		{0AFEC580-996F-4037-9497-B6EB98D1DC80}.LIB ASM Debug|x64.ActiveCfg = Release|Win32
		{0AFEC580-996F-4037-9497-B6EB98D1DC80}.LIB ASM Debug|x64.Build.0 = Release|Win32
		{0AFEC580-996F-4037-9497-B6EB98D1DC80}.LIB ASM Release|Win32.ActiveCfg = Release|Win32
		{0AFEC580-996F-4037-9497-B6EB98D1DC80}.LIB ASM Release|Win32.Build.0 = Release|Win32
		{0AFEC580-996F-4037-9497-B6EB98D1DC80}.LIB ASM Release|x64.ActiveCfg = Release|Win32
		{0AFEC580-996F-4037-9497-B6EB98D1DC80}.LIB ASM Release|x64.Build.0 = Release|Win32
		{0AFEC580-996F-4037-9497-B6EB98D1DC80}.LIB Debug|Win32.ActiveCfg = Release|Win32
		{0AFEC580-996F-4037-9497-B6EB98D1DC80}.LIB Debug|Win32.Build.0 = Release|Win32
		{0AFEC580-996F-4037-9497-B6EB98D1DC80}.LIB Debug|x64.ActiveCfg = Release|Win32
		{0AFEC580-996F-4037-9497-B6EB98D1DC80}.LIB Debug|x64.Build.0 = Release|Win32
		{0AFEC580-996F-4037-9497-B6EB98D1DC80}.LIB Release|Win32.ActiveCfg = Release|Win32
		{0AFEC580-996F-4037-9497-B6EB98D1DC80}.LIB Release|Win32.Build.0 = Release|Win32
		{0AFEC580-996F-4037-9497-B6EB98D1DC80}.LIB Release|x64.ActiveCfg = Release|Win32
		{0AFEC580-996F-4037-9497-B6EB98D1DC80}.LIB Release|x64.Build.0 = Release|Win32
		{0AFEC580-996F-4037-9497-B6EB98D1DC80}.Release|Win32.ActiveCfg = Release|Win32
		{0AFEC580-996F-4037-9497-B6EB98D1DC80}.Release|Win32.Build.0 = Release|Win32
		{0AFEC580-996F-4037-9497-B6EB98D1DC80}.Release|x64.ActiveCfg = Release|Win32
		{0AFEC580-996F-4037-9497-B6EB98D1DC80}.Release-SSE2|Win32.ActiveCfg = Release|Win32
		{0AFEC580-996F-4037-9497-B6EB98D1DC80}.Release-SSE2|Win32.Build.0 = Release|Win32
		{0AFEC580-996F-4037-9497-B6EB98D1DC80}.Release-SSE2|x64.ActiveCfg = Release|Win32
		{0AFEC580-996F-4037-9497-B6EB98D1DC80}.Release-SSE2|x64.Build.0 = Release|Win32
		{E5EEC9EC-21D8-4271-A70C-9EB1016DE9C4}.Debug|Win32.ActiveCfg = Release|Win32
		{E5EEC9EC-21D8-4271-A70C-9EB1016DE9C4}.Debug|Win32.Build.0 = Release|Win32
		{E5EEC9EC-21D8-4271-A70C-9EB1016DE9C4}.Debug|x64.ActiveCfg = Release|Win32
		{E5EEC9EC-21D8-4271-A70C-9EB1016DE9C4}.Debug|x64.Build.0 = Release|Win32
		{E5EEC9EC-21D8-4271-A70C-9EB1016DE9C4}.DLL ASM Debug|Win32.ActiveCfg = Release|Win32
		{E5EEC9EC-21D8-4271-A70C-9EB1016DE9C4}.DLL ASM Debug|Win32.Build.0 = Release|Win32
		{E5EEC9EC-21D8-4271-A70C-9EB1016DE9C4}.DLL ASM Debug|x64.ActiveCfg = Release|Win32
		{E5EEC9EC-21D8-4271-A70C-9EB1016DE9C4}.DLL ASM Debug|x64.Build.0 = Release|Win32
		{E5EEC9EC-21D8-4271-A70C-9EB1016DE9C4}.DLL ASM Release|Win32.ActiveCfg = Release|Win32
		{E5EEC9EC-21D8-4271-A70C-9EB1016DE9C4}.DLL ASM Release|Win32.Build.0 = Release|Win32
		{E5EEC9EC-21D8-4271-A70C-9EB1016DE9C4}.DLL ASM Release|x64.ActiveCfg = Release|Win32
		{E5EEC9EC-21D8-4271-A70C-9EB1016DE9C4}.DLL ASM Release|x64.Build.0 = Release|Win32
		{E5EEC9EC-21D8-4271-A70C-9EB1016DE9C4}.DLL Debug|Win32.ActiveCfg = Release|Win32
		{E5EEC9EC-21D8-4271-A70C-9EB1016DE9C4}.DLL Debug|Win32.Build.0 = Release|Win32
		{E5EEC9EC-21D8-4271-A70C-9EB1016DE9C4}.DLL Debug|x64.ActiveCfg = Release|Win32
		{E5EEC9EC-21D8-4271-A70C-9EB1016DE9C4}.DLL Debug|x64.Build.0 = Release|Win32
		{E5EEC9EC-21D8-4271-A70C-9EB1016DE9C4}.DLL Release|Win32.ActiveCfg = Release|Win32
		{E5EEC9EC-21D8-4271-A70C-9EB1016DE9C4}.DLL Release|Win32.Build.0 = Release|Win32
		{E5EEC9EC-21D8-4271-A70C-9EB1016DE9C4}.DLL Release|x64.ActiveCfg = Release|Win32
		{E5EEC9EC-21D8-4271-A70C-9EB1016DE9C4}.DLL Release|x64.Build.0 = Release|Win32
		{E5EEC9EC-21D8-4271-A70C-9EB1016DE9C4}.DLL VB|Win32.ActiveCfg = Release|Win32
		{E5EEC9EC-21D8-4271-A70C-9EB1016DE9C4}.DLL VB|Win32.Build.0 = Release|Win32
		{E5EEC9EC-21D8-4271-A70C-9EB1016DE9C4}.DLL VB|x64.ActiveCfg = Release|Win32
		{E5EEC9EC-21D8-4271-A70C-9EB1016DE9C4}.DLL VB|x64.Build.0 = Release|Win32
		{E5EEC9EC-21D8-4271-A70C-9EB1016DE9C4}.FastDebug|Win32.ActiveCfg = Release|Win32
		{E5EEC9EC-21D8-4271-A70C-9EB1016DE9C4}.FastDebug|Win32.Build.0 = Release|Win32
		{E5EEC9EC-21D8-4271-A70C-9EB1016DE9C4}.FastDebug|x64.ActiveCfg = Release|Win32
		{E5EEC9EC-21D8-4271-A70C-9EB1016DE9C4}.FastDebug|x64.Build.0 = Release|Win32
		{E5EEC9EC-21D8-4271-A70C-9EB1016DE9C4}.LIB ASM Debug|Win32.ActiveCfg = Release|Win32
		{E5EEC9EC-21D8-4271-A70C-9EB1016DE9C4}.LIB ASM Debug|Win32.Build.0 = Release|Win32
		{E5EEC9EC-21D8-4271-A70C-9EB1016DE9C4}.LIB ASM Debug|x64.ActiveCfg = Release|Win32
		{E5EEC9EC-21D8-4271-A70C-9EB1016DE9C4}.LIB ASM Debug|x64.Build.0 = Release|Win32
		{E5EEC9EC-21D8-4271-A70C-9EB1016DE9C4}.LIB ASM Release|Win32.ActiveCfg = Release|Win32
		{E5EEC9EC-21D8-4271-A70C-9EB1016DE9C4}.LIB ASM Release|Win32.Build.0 = Release|Win32
		{E5EEC9EC-21D8-4271-A70C-9EB1016DE9C4}.LIB ASM Release|x64.ActiveCfg = Release|Win32
		{E5EEC9EC-21D8-4271-A70C-9EB1016DE9C4}.LIB ASM Release|x64.Build.0 = Release|Win32
		{E5EEC9EC-21D8-4271-A70C-9EB1016DE9C4}.LIB Debug|Win32.ActiveCfg = Release|Win32
		{E5EEC9EC-21D8-4271-A70C-9EB1016DE9C4}.LIB Debug|Win32.Build.0 = Release|Win32
		{E5EEC9EC-21D8-4271-A70C-9EB1016DE9C4}.LIB Debug|x64.ActiveCfg = Release|Win32
		{E5EEC9EC-21D8-4271-A70C-9EB1016DE9C4}.LIB Debug|x64.Build.0 = Release|Win32
		{E5EEC9EC-21D8-4271-A70C-9EB1016DE9C4}.LIB Release|Win32.ActiveCfg = Release|Win32
		{E5EEC9EC-21D8-4271-A70C-9EB1016DE9C4}.LIB Release|Win32.Build.0 = Release|Win32
		{E5EEC9EC-21D8-4271-A70C-9EB1016DE9C4}.LIB Release|x64.ActiveCfg = Release|Win32
		{E5EEC9EC-21D8-4271-A70C-9EB1016DE9C4}.LIB Release|x64.Build.0 = Release|Win32
		{E5EEC9EC-21D8-4271-A70C-9EB1016DE9C4}.Release|Win32.ActiveCfg = Release|Win32
		{E5EEC9EC-21D8-4271-A70C-9EB1016DE9C4}.Release|Win32.Build.0 = Release|Win32
		{E5EEC9EC-21D8-4271-A70C-9EB1016DE9C4}.Release|x64.ActiveCfg = Release|Win32
		{E5EEC9EC-21D8-4271-A70C-9EB1016DE9C4}.Release-SSE2|Win32.ActiveCfg = Release|Win32
		{E5EEC9EC-21D8-4271-A70C-9EB1016DE9C4}.Release-SSE2|Win32.Build.0 = Release|Win32
		{E5EEC9EC-21D8-4271-A70C-9EB1016DE9C4}.Release-SSE2|x64.ActiveCfg = Release|Win32
		{E5EEC9EC-21D8-4271-A70C-9EB1016DE9C4}.Release-SSE2|x64.Build.0 = Release|Win32
	EndGlobalSection
	GlobalSection(SolutionProperties) = preSolution
		HideSolutionNode = FALSE
	EndGlobalSection
EndGlobal
