
Microsoft Visual Studio Solution File, Format Version 11.00
# Visual Studio 2010
Project("{8BC9CEB8-8B4A-11D0-8D11-00A0C91BC942}") = "OpenITG", "StepMania-net2010.vcxproj", "{922728D0-EA2B-4CE3-95A5-C3A578327C85}"
	ProjectSection(ProjectDependencies) = postProject
		{E3802982-DCB6-4D85-A2BD-6B08F0657E79} = {E3802982-DCB6-4D85-A2BD-6B08F0657E79}
		{42109FEE-B0B9-4FCD-9E56-2863BF8C55D2} = {42109FEE-B0B9-4FCD-9E56-2863BF8C55D2}
	EndProjectSection
EndProject
Project("{8BC9CEB8-8B4A-11D0-8D11-00A0C91BC942}") = "libtomcrypt", "libtomcrypt\libtomcrypt_VS2010.vcxproj", "{E3802982-DCB6-4D85-A2BD-6B08F0657E79}"
EndProject
Project("{8BC9CEB8-8B4A-11D0-8D11-00A0C91BC942}") = "libtommath", "libtommath\libtommath_VS2010.vcxproj", "{42109FEE-B0B9-4FCD-9E56-2863BF8C55D2}"
EndProject
Global
	GlobalSection(SolutionConfigurationPlatforms) = preSolution
		Debug|Win32 = Debug|Win32
		FastDebug|Win32 = FastDebug|Win32
		Release|Win32 = Release|Win32
		Release-SSE2|Win32 = Release-SSE2|Win32
	EndGlobalSection
	GlobalSection(ProjectConfigurationPlatforms) = postSolution
		{922728D0-EA2B-4CE3-95A5-C3A578327C85}.Debug|Win32.ActiveCfg = Debug|Win32
		{922728D0-EA2B-4CE3-95A5-C3A578327C85}.Debug|Win32.Build.0 = Debug|Win32
		{922728D0-EA2B-4CE3-95A5-C3A578327C85}.FastDebug|Win32.ActiveCfg = FastDebug|Win32
		{922728D0-EA2B-4CE3-95A5-C3A578327C85}.FastDebug|Win32.Build.0 = FastDebug|Win32
		{922728D0-EA2B-4CE3-95A5-C3A578327C85}.Release|Win32.ActiveCfg = Release|Win32
		{922728D0-EA2B-4CE3-95A5-C3A578327C85}.Release|Win32.Build.0 = Release|Win32
		{922728D0-EA2B-4CE3-95A5-C3A578327C85}.Release-SSE2|Win32.ActiveCfg = Release-SSE2|Win32
		{922728D0-EA2B-4CE3-95A5-C3A578327C85}.Release-SSE2|Win32.Build.0 = Release-SSE2|Win32
		{E3802982-DCB6-4D85-A2BD-6B08F0657E79}.Debug|Win32.ActiveCfg = Debug|Win32
		{E3802982-DCB6-4D85-A2BD-6B08F0657E79}.Debug|Win32.Build.0 = Debug|Win32
		{E3802982-DCB6-4D85-A2BD-6B08F0657E79}.FastDebug|Win32.ActiveCfg = Debug|Win32
		{E3802982-DCB6-4D85-A2BD-6B08F0657E79}.FastDebug|Win32.Build.0 = Debug|Win32
		{E3802982-DCB6-4D85-A2BD-6B08F0657E79}.Release|Win32.ActiveCfg = Release|Win32
		{E3802982-DCB6-4D85-A2BD-6B08F0657E79}.Release|Win32.Build.0 = Release|Win32
		{E3802982-DCB6-4D85-A2BD-6B08F0657E79}.Release-SSE2|Win32.ActiveCfg = Release-SSE2|Win32
		{E3802982-DCB6-4D85-A2BD-6B08F0657E79}.Release-SSE2|Win32.Build.0 = Release-SSE2|Win32
		{42109FEE-B0B9-4FCD-9E56-2863BF8C55D2}.Debug|Win32.ActiveCfg = Debug|Win32
		{42109FEE-B0B9-4FCD-9E56-2863BF8C55D2}.Debug|Win32.Build.0 = Debug|Win32
		{42109FEE-B0B9-4FCD-9E56-2863BF8C55D2}.FastDebug|Win32.ActiveCfg = Debug|Win32
		{42109FEE-B0B9-4FCD-9E56-2863BF8C55D2}.FastDebug|Win32.Build.0 = Debug|Win32
		{42109FEE-B0B9-4FCD-9E56-2863BF8C55D2}.Release|Win32.ActiveCfg = Release|Win32
		{42109FEE-B0B9-4FCD-9E56-2863BF8C55D2}.Release|Win32.Build.0 = Release|Win32
		{42109FEE-B0B9-4FCD-9E56-2863BF8C55D2}.Release-SSE2|Win32.ActiveCfg = Release-SSE2|Win32
		{42109FEE-B0B9-4FCD-9E56-2863BF8C55D2}.Release-SSE2|Win32.Build.0 = Release-SSE2|Win32
	EndGlobalSection
	GlobalSection(SolutionProperties) = preSolution
		HideSolutionNode = FALSE
	EndGlobalSection
EndGlobal
