
Microsoft Visual Studio Solution File, Format Version 12.00
# Visual Studio Express 2013 for Windows Desktop
VisualStudioVersion = 12.0.31101.0
MinimumVisualStudioVersion = 10.0.40219.1
Project("{8BC9CEB8-8B4A-11D0-8D11-00A0C91BC942}") = "OpenITG", "StepMania-net2010.vcxproj", "{922728D0-EA2B-4CE3-95A5-C3A578327C85}"
	ProjectSection(ProjectDependencies) = postProject
		{0AFEC580-996F-4037-9497-B6EB98D1DC80} = {0AFEC580-996F-4037-9497-B6EB98D1DC80}
		{E5EEC9EC-21D8-4271-A70C-9EB1016DE9C4} = {E5EEC9EC-21D8-4271-A70C-9EB1016DE9C4}
		{42109FEE-B0B9-4FCD-9E56-2863BF8C55D2} = {42109FEE-B0B9-4FCD-9E56-2863BF8C55D2}
		{31C322FB-889D-32EF-9CB3-A427DBFA78C3} = {31C322FB-889D-32EF-9CB3-A427DBFA78C3}
	EndProjectSection
EndProject
Project("{8BC9CEB8-8B4A-11D0-8D11-00A0C91BC942}") = "libtommath", "libtommath\libtommath_VS2010.vcxproj", "{42109FEE-B0B9-4FCD-9E56-2863BF8C55D2}"
EndProject
Project("{8BC9CEB8-8B4A-11D0-8D11-00A0C91BC942}") = "LibLua", "lua-5.0\src\LibLua.vcxproj", "{0AFEC580-996F-4037-9497-B6EB98D1DC80}"
EndProject
Project("{8BC9CEB8-8B4A-11D0-8D11-00A0C91BC942}") = "LibLuaLib", "lua-5.0\src\lib\LibLuaLib.vcxproj", "{E5EEC9EC-21D8-4271-A70C-9EB1016DE9C4}"
EndProject
Project("{8BC9CEB8-8B4A-11D0-8D11-00A0C91BC942}") = "tomcrypt", "tomcrypt.vcxproj", "{31C322FB-889D-32EF-9CB3-A427DBFA78C3}"
	ProjectSection(ProjectDependencies) = postProject
		{42109FEE-B0B9-4FCD-9E56-2863BF8C55D2} = {42109FEE-B0B9-4FCD-9E56-2863BF8C55D2}
	EndProjectSection
EndProject
Global
	GlobalSection(SolutionConfigurationPlatforms) = preSolution
		Debug|Win32 = Debug|Win32
		LibLuaDebug|Win32 = LibLuaDebug|Win32
		LibLuaLibDebug|Win32 = LibLuaLibDebug|Win32
		Release|Win32 = Release|Win32
		Release-SSE2|Win32 = Release-SSE2|Win32
	EndGlobalSection
	GlobalSection(ProjectConfigurationPlatforms) = postSolution
		{922728D0-EA2B-4CE3-95A5-C3A578327C85}.Debug|Win32.ActiveCfg = Debug|Win32
		{922728D0-EA2B-4CE3-95A5-C3A578327C85}.Debug|Win32.Build.0 = Debug|Win32
		{922728D0-EA2B-4CE3-95A5-C3A578327C85}.LibLuaDebug|Win32.ActiveCfg = LibLuaLibSSE2|Win32
		{922728D0-EA2B-4CE3-95A5-C3A578327C85}.LibLuaDebug|Win32.Build.0 = LibLuaLibSSE2|Win32
		{922728D0-EA2B-4CE3-95A5-C3A578327C85}.LibLuaLibDebug|Win32.ActiveCfg = LibLuaLibSSE2|Win32
		{922728D0-EA2B-4CE3-95A5-C3A578327C85}.LibLuaLibDebug|Win32.Build.0 = LibLuaLibSSE2|Win32
		{922728D0-EA2B-4CE3-95A5-C3A578327C85}.Release|Win32.ActiveCfg = Release|Win32
		{922728D0-EA2B-4CE3-95A5-C3A578327C85}.Release|Win32.Build.0 = Release|Win32
		{922728D0-EA2B-4CE3-95A5-C3A578327C85}.Release-SSE2|Win32.ActiveCfg = Release-SSE2|Win32
		{922728D0-EA2B-4CE3-95A5-C3A578327C85}.Release-SSE2|Win32.Build.0 = Release-SSE2|Win32
		{42109FEE-B0B9-4FCD-9E56-2863BF8C55D2}.Debug|Win32.ActiveCfg = Debug|Win32
		{42109FEE-B0B9-4FCD-9E56-2863BF8C55D2}.Debug|Win32.Build.0 = Debug|Win32
		{42109FEE-B0B9-4FCD-9E56-2863BF8C55D2}.LibLuaDebug|Win32.ActiveCfg = LibLuaLibSSE2|Win32
		{42109FEE-B0B9-4FCD-9E56-2863BF8C55D2}.LibLuaDebug|Win32.Build.0 = LibLuaLibSSE2|Win32
		{42109FEE-B0B9-4FCD-9E56-2863BF8C55D2}.LibLuaLibDebug|Win32.ActiveCfg = LibLuaLibSSE2|Win32
		{42109FEE-B0B9-4FCD-9E56-2863BF8C55D2}.LibLuaLibDebug|Win32.Build.0 = LibLuaLibSSE2|Win32
		{42109FEE-B0B9-4FCD-9E56-2863BF8C55D2}.Release|Win32.ActiveCfg = Release|Win32
		{42109FEE-B0B9-4FCD-9E56-2863BF8C55D2}.Release|Win32.Build.0 = Release|Win32
		{42109FEE-B0B9-4FCD-9E56-2863BF8C55D2}.Release-SSE2|Win32.ActiveCfg = Release-SSE2|Win32
		{42109FEE-B0B9-4FCD-9E56-2863BF8C55D2}.Release-SSE2|Win32.Build.0 = Release-SSE2|Win32
		{0AFEC580-996F-4037-9497-B6EB98D1DC80}.Debug|Win32.ActiveCfg = LibLuaDebug|Win32
		{0AFEC580-996F-4037-9497-B6EB98D1DC80}.Debug|Win32.Build.0 = LibLuaDebug|Win32
		{0AFEC580-996F-4037-9497-B6EB98D1DC80}.LibLuaDebug|Win32.ActiveCfg = LibLuaDebug|Win32
		{0AFEC580-996F-4037-9497-B6EB98D1DC80}.LibLuaDebug|Win32.Build.0 = LibLuaDebug|Win32
		{0AFEC580-996F-4037-9497-B6EB98D1DC80}.LibLuaLibDebug|Win32.ActiveCfg = LibLuaLibSSE2|Win32
		{0AFEC580-996F-4037-9497-B6EB98D1DC80}.LibLuaLibDebug|Win32.Build.0 = LibLuaLibSSE2|Win32
		{0AFEC580-996F-4037-9497-B6EB98D1DC80}.Release|Win32.ActiveCfg = Release|Win32
		{0AFEC580-996F-4037-9497-B6EB98D1DC80}.Release|Win32.Build.0 = Release|Win32
		{0AFEC580-996F-4037-9497-B6EB98D1DC80}.Release-SSE2|Win32.ActiveCfg = LibLuaSSE2|Win32
		{0AFEC580-996F-4037-9497-B6EB98D1DC80}.Release-SSE2|Win32.Build.0 = LibLuaSSE2|Win32
		{E5EEC9EC-21D8-4271-A70C-9EB1016DE9C4}.Debug|Win32.ActiveCfg = LibLuaLibDebug|Win32
		{E5EEC9EC-21D8-4271-A70C-9EB1016DE9C4}.Debug|Win32.Build.0 = LibLuaLibDebug|Win32
		{E5EEC9EC-21D8-4271-A70C-9EB1016DE9C4}.LibLuaDebug|Win32.ActiveCfg = LibLuaLibSSE2|Win32
		{E5EEC9EC-21D8-4271-A70C-9EB1016DE9C4}.LibLuaDebug|Win32.Build.0 = LibLuaLibSSE2|Win32
		{E5EEC9EC-21D8-4271-A70C-9EB1016DE9C4}.LibLuaLibDebug|Win32.ActiveCfg = LibLuaLibDebug|Win32
		{E5EEC9EC-21D8-4271-A70C-9EB1016DE9C4}.LibLuaLibDebug|Win32.Build.0 = LibLuaLibDebug|Win32
		{E5EEC9EC-21D8-4271-A70C-9EB1016DE9C4}.Release|Win32.ActiveCfg = Release|Win32
		{E5EEC9EC-21D8-4271-A70C-9EB1016DE9C4}.Release|Win32.Build.0 = Release|Win32
		{E5EEC9EC-21D8-4271-A70C-9EB1016DE9C4}.Release-SSE2|Win32.ActiveCfg = LibLuaLibSSE2|Win32
		{E5EEC9EC-21D8-4271-A70C-9EB1016DE9C4}.Release-SSE2|Win32.Build.0 = LibLuaLibSSE2|Win32
		{31C322FB-889D-32EF-9CB3-A427DBFA78C3}.Debug|Win32.ActiveCfg = Debug|Win32
		{31C322FB-889D-32EF-9CB3-A427DBFA78C3}.Debug|Win32.Build.0 = Debug|Win32
		{31C322FB-889D-32EF-9CB3-A427DBFA78C3}.LibLuaDebug|Win32.ActiveCfg = LibLuaLibSSE2|Win32
		{31C322FB-889D-32EF-9CB3-A427DBFA78C3}.LibLuaDebug|Win32.Build.0 = LibLuaLibSSE2|Win32
		{31C322FB-889D-32EF-9CB3-A427DBFA78C3}.LibLuaLibDebug|Win32.ActiveCfg = LibLuaLibSSE2|Win32
		{31C322FB-889D-32EF-9CB3-A427DBFA78C3}.LibLuaLibDebug|Win32.Build.0 = LibLuaLibSSE2|Win32
		{31C322FB-889D-32EF-9CB3-A427DBFA78C3}.Release|Win32.ActiveCfg = Release|Win32
		{31C322FB-889D-32EF-9CB3-A427DBFA78C3}.Release|Win32.Build.0 = Release|Win32
		{31C322FB-889D-32EF-9CB3-A427DBFA78C3}.Release-SSE2|Win32.ActiveCfg = SSE2|Win32
		{31C322FB-889D-32EF-9CB3-A427DBFA78C3}.Release-SSE2|Win32.Build.0 = SSE2|Win32
	EndGlobalSection
	GlobalSection(SolutionProperties) = preSolution
		HideSolutionNode = FALSE
	EndGlobalSection
EndGlobal
